// !$*UTF8*$!
{
	archiveVersion = 1;
	classes = {
	};
	objectVersion = 50;
	objects = {

/* Begin PBXBuildFile section */
		133564D4A4BFF1364DDE7398 /* Pods_LocationSend.framework in Frameworks */ = {isa = PBXBuildFile; fileRef = 1497C0A651CDC70E4F9F0861 /* Pods_LocationSend.framework */; };
		A3AE1815236AD32C00EC6CD3 /* AppDelegate.swift in Sources */ = {isa = PBXBuildFile; fileRef = A3AE1814236AD32C00EC6CD3 /* AppDelegate.swift */; };
		A3AE1817236AD32C00EC6CD3 /* ViewController.swift in Sources */ = {isa = PBXBuildFile; fileRef = A3AE1816236AD32C00EC6CD3 /* ViewController.swift */; };
		A3AE181A236AD32C00EC6CD3 /* Main.storyboard in Resources */ = {isa = PBXBuildFile; fileRef = A3AE1818236AD32C00EC6CD3 /* Main.storyboard */; };
		A3AE181C236AD33800EC6CD3 /* Assets.xcassets in Resources */ = {isa = PBXBuildFile; fileRef = A3AE181B236AD33800EC6CD3 /* Assets.xcassets */; };
		A3AE181F236AD33800EC6CD3 /* LaunchScreen.storyboard in Resources */ = {isa = PBXBuildFile; fileRef = A3AE181D236AD33800EC6CD3 /* LaunchScreen.storyboard */; };
		A3AE182A236AD33800EC6CD3 /* LocationSendTests.swift in Sources */ = {isa = PBXBuildFile; fileRef = A3AE1829236AD33800EC6CD3 /* LocationSendTests.swift */; };
		A3AE1835236AD33800EC6CD3 /* LocationSendUITests.swift in Sources */ = {isa = PBXBuildFile; fileRef = A3AE1834236AD33800EC6CD3 /* LocationSendUITests.swift */; };
/* End PBXBuildFile section */

/* Begin PBXContainerItemProxy section */
		A3AE1826236AD33800EC6CD3 /* PBXContainerItemProxy */ = {
			isa = PBXContainerItemProxy;
			containerPortal = A3AE1809236AD32B00EC6CD3 /* Project object */;
			proxyType = 1;
			remoteGlobalIDString = A3AE1810236AD32B00EC6CD3;
			remoteInfo = LocationSend;
		};
		A3AE1831236AD33800EC6CD3 /* PBXContainerItemProxy */ = {
			isa = PBXContainerItemProxy;
			containerPortal = A3AE1809236AD32B00EC6CD3 /* Project object */;
			proxyType = 1;
			remoteGlobalIDString = A3AE1810236AD32B00EC6CD3;
			remoteInfo = LocationSend;
		};
/* End PBXContainerItemProxy section */

/* Begin PBXFileReference section */
		1497C0A651CDC70E4F9F0861 /* Pods_LocationSend.framework */ = {isa = PBXFileReference; explicitFileType = wrapper.framework; includeInIndex = 0; path = Pods_LocationSend.framework; sourceTree = BUILT_PRODUCTS_DIR; };
		174658818E4DB8C43A839677 /* Pods-LocationSend.debug.xcconfig */ = {isa = PBXFileReference; includeInIndex = 1; lastKnownFileType = text.xcconfig; name = "Pods-LocationSend.debug.xcconfig"; path = "Target Support Files/Pods-LocationSend/Pods-LocationSend.debug.xcconfig"; sourceTree = "<group>"; };
		27284FEAB821AB8483C94C46 /* Pods-LocationSend.release.xcconfig */ = {isa = PBXFileReference; includeInIndex = 1; lastKnownFileType = text.xcconfig; name = "Pods-LocationSend.release.xcconfig"; path = "Target Support Files/Pods-LocationSend/Pods-LocationSend.release.xcconfig"; sourceTree = "<group>"; };
		A3AE1811236AD32C00EC6CD3 /* LocationSend.app */ = {isa = PBXFileReference; explicitFileType = wrapper.application; includeInIndex = 0; path = LocationSend.app; sourceTree = BUILT_PRODUCTS_DIR; };
		A3AE1814236AD32C00EC6CD3 /* AppDelegate.swift */ = {isa = PBXFileReference; lastKnownFileType = sourcecode.swift; path = AppDelegate.swift; sourceTree = "<group>"; };
		A3AE1816236AD32C00EC6CD3 /* ViewController.swift */ = {isa = PBXFileReference; lastKnownFileType = sourcecode.swift; path = ViewController.swift; sourceTree = "<group>"; };
		A3AE1819236AD32C00EC6CD3 /* Base */ = {isa = PBXFileReference; lastKnownFileType = file.storyboard; name = Base; path = Base.lproj/Main.storyboard; sourceTree = "<group>"; };
		A3AE181B236AD33800EC6CD3 /* Assets.xcassets */ = {isa = PBXFileReference; lastKnownFileType = folder.assetcatalog; path = Assets.xcassets; sourceTree = "<group>"; };
		A3AE181E236AD33800EC6CD3 /* Base */ = {isa = PBXFileReference; lastKnownFileType = file.storyboard; name = Base; path = Base.lproj/LaunchScreen.storyboard; sourceTree = "<group>"; };
		A3AE1820236AD33800EC6CD3 /* Info.plist */ = {isa = PBXFileReference; lastKnownFileType = text.plist.xml; path = Info.plist; sourceTree = "<group>"; };
		A3AE1825236AD33800EC6CD3 /* LocationSendTests.xctest */ = {isa = PBXFileReference; explicitFileType = wrapper.cfbundle; includeInIndex = 0; path = LocationSendTests.xctest; sourceTree = BUILT_PRODUCTS_DIR; };
		A3AE1829236AD33800EC6CD3 /* LocationSendTests.swift */ = {isa = PBXFileReference; lastKnownFileType = sourcecode.swift; path = LocationSendTests.swift; sourceTree = "<group>"; };
		A3AE182B236AD33800EC6CD3 /* Info.plist */ = {isa = PBXFileReference; lastKnownFileType = text.plist.xml; path = Info.plist; sourceTree = "<group>"; };
		A3AE1830236AD33800EC6CD3 /* LocationSendUITests.xctest */ = {isa = PBXFileReference; explicitFileType = wrapper.cfbundle; includeInIndex = 0; path = LocationSendUITests.xctest; sourceTree = BUILT_PRODUCTS_DIR; };
		A3AE1834236AD33800EC6CD3 /* LocationSendUITests.swift */ = {isa = PBXFileReference; lastKnownFileType = sourcecode.swift; path = LocationSendUITests.swift; sourceTree = "<group>"; };
		A3AE1836236AD33800EC6CD3 /* Info.plist */ = {isa = PBXFileReference; lastKnownFileType = text.plist.xml; path = Info.plist; sourceTree = "<group>"; };
/* End PBXFileReference section */

/* Begin PBXFrameworksBuildPhase section */
		A3AE180E236AD32B00EC6CD3 /* Frameworks */ = {
			isa = PBXFrameworksBuildPhase;
			buildActionMask = 2147483647;
			files = (
				133564D4A4BFF1364DDE7398 /* Pods_LocationSend.framework in Frameworks */,
			);
			runOnlyForDeploymentPostprocessing = 0;
		};
		A3AE1822236AD33800EC6CD3 /* Frameworks */ = {
			isa = PBXFrameworksBuildPhase;
			buildActionMask = 2147483647;
			files = (
			);
			runOnlyForDeploymentPostprocessing = 0;
		};
		A3AE182D236AD33800EC6CD3 /* Frameworks */ = {
			isa = PBXFrameworksBuildPhase;
			buildActionMask = 2147483647;
			files = (
			);
			runOnlyForDeploymentPostprocessing = 0;
		};
/* End PBXFrameworksBuildPhase section */

/* Begin PBXGroup section */
		07AFF44E2F9F209B8A3DE8B8 /* Pods */ = {
			isa = PBXGroup;
			children = (
				174658818E4DB8C43A839677 /* Pods-LocationSend.debug.xcconfig */,
				27284FEAB821AB8483C94C46 /* Pods-LocationSend.release.xcconfig */,
			);
			name = Pods;
			path = Pods;
			sourceTree = "<group>";
		};
		4CE9D545DFA166C299670CE5 /* Frameworks */ = {
			isa = PBXGroup;
			children = (
				1497C0A651CDC70E4F9F0861 /* Pods_LocationSend.framework */,
			);
			name = Frameworks;
			sourceTree = "<group>";
		};
		A3AE1808236AD32B00EC6CD3 = {
			isa = PBXGroup;
			children = (
				A3AE1813236AD32C00EC6CD3 /* LocationSend */,
				A3AE1828236AD33800EC6CD3 /* LocationSendTests */,
				A3AE1833236AD33800EC6CD3 /* LocationSendUITests */,
				A3AE1812236AD32C00EC6CD3 /* Products */,
				07AFF44E2F9F209B8A3DE8B8 /* Pods */,
				4CE9D545DFA166C299670CE5 /* Frameworks */,
			);
			sourceTree = "<group>";
		};
		A3AE1812236AD32C00EC6CD3 /* Products */ = {
			isa = PBXGroup;
			children = (
				A3AE1811236AD32C00EC6CD3 /* LocationSend.app */,
				A3AE1825236AD33800EC6CD3 /* LocationSendTests.xctest */,
				A3AE1830236AD33800EC6CD3 /* LocationSendUITests.xctest */,
			);
			name = Products;
			sourceTree = "<group>";
		};
		A3AE1813236AD32C00EC6CD3 /* LocationSend */ = {
			isa = PBXGroup;
			children = (
				A3AE1814236AD32C00EC6CD3 /* AppDelegate.swift */,
				A3AE1816236AD32C00EC6CD3 /* ViewController.swift */,
				A3AE1818236AD32C00EC6CD3 /* Main.storyboard */,
				A3AE181B236AD33800EC6CD3 /* Assets.xcassets */,
				A3AE181D236AD33800EC6CD3 /* LaunchScreen.storyboard */,
				A3AE1820236AD33800EC6CD3 /* Info.plist */,
			);
			path = LocationSend;
			sourceTree = "<group>";
		};
		A3AE1828236AD33800EC6CD3 /* LocationSendTests */ = {
			isa = PBXGroup;
			children = (
				A3AE1829236AD33800EC6CD3 /* LocationSendTests.swift */,
				A3AE182B236AD33800EC6CD3 /* Info.plist */,
			);
			path = LocationSendTests;
			sourceTree = "<group>";
		};
		A3AE1833236AD33800EC6CD3 /* LocationSendUITests */ = {
			isa = PBXGroup;
			children = (
				A3AE1834236AD33800EC6CD3 /* LocationSendUITests.swift */,
				A3AE1836236AD33800EC6CD3 /* Info.plist */,
			);
			path = LocationSendUITests;
			sourceTree = "<group>";
		};
/* End PBXGroup section */

/* Begin PBXNativeTarget section */
		A3AE1810236AD32B00EC6CD3 /* LocationSend */ = {
			isa = PBXNativeTarget;
			buildConfigurationList = A3AE1839236AD33800EC6CD3 /* Build configuration list for PBXNativeTarget "LocationSend" */;
			buildPhases = (
				09774F28583ECC4EF1BA912C /* [CP] Check Pods Manifest.lock */,
				A3AE180D236AD32B00EC6CD3 /* Sources */,
				A3AE180E236AD32B00EC6CD3 /* Frameworks */,
				A3AE180F236AD32B00EC6CD3 /* Resources */,
				EAD64A83D1AD5C361AF4F601 /* [CP] Embed Pods Frameworks */,
			);
			buildRules = (
			);
			dependencies = (
			);
			name = LocationSend;
			productName = LocationSend;
			productReference = A3AE1811236AD32C00EC6CD3 /* LocationSend.app */;
			productType = "com.apple.product-type.application";
		};
		A3AE1824236AD33800EC6CD3 /* LocationSendTests */ = {
			isa = PBXNativeTarget;
			buildConfigurationList = A3AE183C236AD33800EC6CD3 /* Build configuration list for PBXNativeTarget "LocationSendTests" */;
			buildPhases = (
				A3AE1821236AD33800EC6CD3 /* Sources */,
				A3AE1822236AD33800EC6CD3 /* Frameworks */,
				A3AE1823236AD33800EC6CD3 /* Resources */,
			);
			buildRules = (
			);
			dependencies = (
				A3AE1827236AD33800EC6CD3 /* PBXTargetDependency */,
			);
			name = LocationSendTests;
			productName = LocationSendTests;
			productReference = A3AE1825236AD33800EC6CD3 /* LocationSendTests.xctest */;
			productType = "com.apple.product-type.bundle.unit-test";
		};
		A3AE182F236AD33800EC6CD3 /* LocationSendUITests */ = {
			isa = PBXNativeTarget;
			buildConfigurationList = A3AE183F236AD33800EC6CD3 /* Build configuration list for PBXNativeTarget "LocationSendUITests" */;
			buildPhases = (
				A3AE182C236AD33800EC6CD3 /* Sources */,
				A3AE182D236AD33800EC6CD3 /* Frameworks */,
				A3AE182E236AD33800EC6CD3 /* Resources */,
			);
			buildRules = (
			);
			dependencies = (
				A3AE1832236AD33800EC6CD3 /* PBXTargetDependency */,
			);
			name = LocationSendUITests;
			productName = LocationSendUITests;
			productReference = A3AE1830236AD33800EC6CD3 /* LocationSendUITests.xctest */;
			productType = "com.apple.product-type.bundle.ui-testing";
		};
/* End PBXNativeTarget section */

/* Begin PBXProject section */
		A3AE1809236AD32B00EC6CD3 /* Project object */ = {
			isa = PBXProject;
			attributes = {
				LastSwiftUpdateCheck = 1020;
				LastUpgradeCheck = 1020;
				ORGANIZATIONNAME = simba;
				TargetAttributes = {
					A3AE1810236AD32B00EC6CD3 = {
						CreatedOnToolsVersion = 10.2;
						SystemCapabilities = {
							com.apple.BackgroundModes = {
								enabled = 1;
							};
						};
					};
					A3AE1824236AD33800EC6CD3 = {
						CreatedOnToolsVersion = 10.2;
						TestTargetID = A3AE1810236AD32B00EC6CD3;
					};
					A3AE182F236AD33800EC6CD3 = {
						CreatedOnToolsVersion = 10.2;
						TestTargetID = A3AE1810236AD32B00EC6CD3;
					};
				};
			};
			buildConfigurationList = A3AE180C236AD32B00EC6CD3 /* Build configuration list for PBXProject "LocationSend" */;
			compatibilityVersion = "Xcode 9.3";
			developmentRegion = en;
			hasScannedForEncodings = 0;
			knownRegions = (
				en,
				Base,
			);
			mainGroup = A3AE1808236AD32B00EC6CD3;
			productRefGroup = A3AE1812236AD32C00EC6CD3 /* Products */;
			projectDirPath = "";
			projectRoot = "";
			targets = (
				A3AE1810236AD32B00EC6CD3 /* LocationSend */,
				A3AE1824236AD33800EC6CD3 /* LocationSendTests */,
				A3AE182F236AD33800EC6CD3 /* LocationSendUITests */,
			);
		};
/* End PBXProject section */

/* Begin PBXResourcesBuildPhase section */
		A3AE180F236AD32B00EC6CD3 /* Resources */ = {
			isa = PBXResourcesBuildPhase;
			buildActionMask = 2147483647;
			files = (
				A3AE181F236AD33800EC6CD3 /* LaunchScreen.storyboard in Resources */,
				A3AE181C236AD33800EC6CD3 /* Assets.xcassets in Resources */,
				A3AE181A236AD32C00EC6CD3 /* Main.storyboard in Resources */,
			);
			runOnlyForDeploymentPostprocessing = 0;
		};
		A3AE1823236AD33800EC6CD3 /* Resources */ = {
			isa = PBXResourcesBuildPhase;
			buildActionMask = 2147483647;
			files = (
			);
			runOnlyForDeploymentPostprocessing = 0;
		};
		A3AE182E236AD33800EC6CD3 /* Resources */ = {
			isa = PBXResourcesBuildPhase;
			buildActionMask = 2147483647;
			files = (
			);
			runOnlyForDeploymentPostprocessing = 0;
		};
/* End PBXResourcesBuildPhase section */

/* Begin PBXShellScriptBuildPhase section */
		09774F28583ECC4EF1BA912C /* [CP] Check Pods Manifest.lock */ = {
			isa = PBXShellScriptBuildPhase;
			buildActionMask = 2147483647;
			files = (
			);
			inputFileListPaths = (
			);
			inputPaths = (
				"${PODS_PODFILE_DIR_PATH}/Podfile.lock",
				"${PODS_ROOT}/Manifest.lock",
			);
			name = "[CP] Check Pods Manifest.lock";
			outputFileListPaths = (
			);
			outputPaths = (
				"$(DERIVED_FILE_DIR)/Pods-LocationSend-checkManifestLockResult.txt",
			);
			runOnlyForDeploymentPostprocessing = 0;
			shellPath = /bin/sh;
			shellScript = "diff \"${PODS_PODFILE_DIR_PATH}/Podfile.lock\" \"${PODS_ROOT}/Manifest.lock\" > /dev/null\nif [ $? != 0 ] ; then\n    # print error to STDERR\n    echo \"error: The sandbox is not in sync with the Podfile.lock. Run 'pod install' or update your CocoaPods installation.\" >&2\n    exit 1\nfi\n# This output is used by Xcode 'outputs' to avoid re-running this script phase.\necho \"SUCCESS\" > \"${SCRIPT_OUTPUT_FILE_0}\"\n";
			showEnvVarsInLog = 0;
		};
		EAD64A83D1AD5C361AF4F601 /* [CP] Embed Pods Frameworks */ = {
			isa = PBXShellScriptBuildPhase;
			buildActionMask = 2147483647;
			files = (
			);
			inputFileListPaths = (
				"${PODS_ROOT}/Target Support Files/Pods-LocationSend/Pods-LocationSend-frameworks-${CONFIGURATION}-input-files.xcfilelist",
			);
			name = "[CP] Embed Pods Frameworks";
			outputFileListPaths = (
				"${PODS_ROOT}/Target Support Files/Pods-LocationSend/Pods-LocationSend-frameworks-${CONFIGURATION}-output-files.xcfilelist",
			);
			runOnlyForDeploymentPostprocessing = 0;
			shellPath = /bin/sh;
			shellScript = "\"${PODS_ROOT}/Target Support Files/Pods-LocationSend/Pods-LocationSend-frameworks.sh\"\n";
			showEnvVarsInLog = 0;
		};
/* End PBXShellScriptBuildPhase section */

/* Begin PBXSourcesBuildPhase section */
		A3AE180D236AD32B00EC6CD3 /* Sources */ = {
			isa = PBXSourcesBuildPhase;
			buildActionMask = 2147483647;
			files = (
				A3AE1817236AD32C00EC6CD3 /* ViewController.swift in Sources */,
				A3AE1815236AD32C00EC6CD3 /* AppDelegate.swift in Sources */,
			);
			runOnlyForDeploymentPostprocessing = 0;
		};
		A3AE1821236AD33800EC6CD3 /* Sources */ = {
			isa = PBXSourcesBuildPhase;
			buildActionMask = 2147483647;
			files = (
				A3AE182A236AD33800EC6CD3 /* LocationSendTests.swift in Sources */,
			);
			runOnlyForDeploymentPostprocessing = 0;
		};
		A3AE182C236AD33800EC6CD3 /* Sources */ = {
			isa = PBXSourcesBuildPhase;
			buildActionMask = 2147483647;
			files = (
				A3AE1835236AD33800EC6CD3 /* LocationSendUITests.swift in Sources */,
			);
			runOnlyForDeploymentPostprocessing = 0;
		};
/* End PBXSourcesBuildPhase section */

/* Begin PBXTargetDependency section */
		A3AE1827236AD33800EC6CD3 /* PBXTargetDependency */ = {
			isa = PBXTargetDependency;
			target = A3AE1810236AD32B00EC6CD3 /* LocationSend */;
			targetProxy = A3AE1826236AD33800EC6CD3 /* PBXContainerItemProxy */;
		};
		A3AE1832236AD33800EC6CD3 /* PBXTargetDependency */ = {
			isa = PBXTargetDependency;
			target = A3AE1810236AD32B00EC6CD3 /* LocationSend */;
			targetProxy = A3AE1831236AD33800EC6CD3 /* PBXContainerItemProxy */;
		};
/* End PBXTargetDependency section */

/* Begin PBXVariantGroup section */
		A3AE1818236AD32C00EC6CD3 /* Main.storyboard */ = {
			isa = PBXVariantGroup;
			children = (
				A3AE1819236AD32C00EC6CD3 /* Base */,
			);
			name = Main.storyboard;
			sourceTree = "<group>";
		};
		A3AE181D236AD33800EC6CD3 /* LaunchScreen.storyboard */ = {
			isa = PBXVariantGroup;
			children = (
				A3AE181E236AD33800EC6CD3 /* Base */,
			);
			name = LaunchScreen.storyboard;
			sourceTree = "<group>";
		};
/* End PBXVariantGroup section */

/* Begin XCBuildConfiguration section */
		A3AE1837236AD33800EC6CD3 /* Debug */ = {
			isa = XCBuildConfiguration;
			buildSettings = {
				ALWAYS_SEARCH_USER_PATHS = NO;
				CLANG_ANALYZER_NONNULL = YES;
				CLANG_ANALYZER_NUMBER_OBJECT_CONVERSION = YES_AGGRESSIVE;
				CLANG_CXX_LANGUAGE_STANDARD = "gnu++14";
				CLANG_CXX_LIBRARY = "libc++";
				CLANG_ENABLE_MODULES = YES;
				CLANG_ENABLE_OBJC_ARC = YES;
				CLANG_ENABLE_OBJC_WEAK = YES;
				CLANG_WARN_BLOCK_CAPTURE_AUTORELEASING = YES;
				CLANG_WARN_BOOL_CONVERSION = YES;
				CLANG_WARN_COMMA = YES;
				CLANG_WARN_CONSTANT_CONVERSION = YES;
				CLANG_WARN_DEPRECATED_OBJC_IMPLEMENTATIONS = YES;
				CLANG_WARN_DIRECT_OBJC_ISA_USAGE = YES_ERROR;
				CLANG_WARN_DOCUMENTATION_COMMENTS = YES;
				CLANG_WARN_EMPTY_BODY = YES;
				CLANG_WARN_ENUM_CONVERSION = YES;
				CLANG_WARN_INFINITE_RECURSION = YES;
				CLANG_WARN_INT_CONVERSION = YES;
				CLANG_WARN_NON_LITERAL_NULL_CONVERSION = YES;
				CLANG_WARN_OBJC_IMPLICIT_RETAIN_SELF = YES;
				CLANG_WARN_OBJC_LITERAL_CONVERSION = YES;
				CLANG_WARN_OBJC_ROOT_CLASS = YES_ERROR;
				CLANG_WARN_RANGE_LOOP_ANALYSIS = YES;
				CLANG_WARN_STRICT_PROTOTYPES = YES;
				CLANG_WARN_SUSPICIOUS_MOVE = YES;
				CLANG_WARN_UNGUARDED_AVAILABILITY = YES_AGGRESSIVE;
				CLANG_WARN_UNREACHABLE_CODE = YES;
				CLANG_WARN__DUPLICATE_METHOD_MATCH = YES;
				CODE_SIGN_IDENTITY = "iPhone Developer";
				COPY_PHASE_STRIP = NO;
				DEBUG_INFORMATION_FORMAT = dwarf;
				ENABLE_STRICT_OBJC_MSGSEND = YES;
				ENABLE_TESTABILITY = YES;
				GCC_C_LANGUAGE_STANDARD = gnu11;
				GCC_DYNAMIC_NO_PIC = NO;
				GCC_NO_COMMON_BLOCKS = YES;
				GCC_OPTIMIZATION_LEVEL = 0;
				GCC_PREPROCESSOR_DEFINITIONS = (
					"DEBUG=1",
					"$(inherited)",
				);
				GCC_WARN_64_TO_32_BIT_CONVERSION = YES;
				GCC_WARN_ABOUT_RETURN_TYPE = YES_ERROR;
				GCC_WARN_UNDECLARED_SELECTOR = YES;
				GCC_WARN_UNINITIALIZED_AUTOS = YES_AGGRESSIVE;
				GCC_WARN_UNUSED_FUNCTION = YES;
				GCC_WARN_UNUSED_VARIABLE = YES;
				IPHONEOS_DEPLOYMENT_TARGET = 12.2;
				MTL_ENABLE_DEBUG_INFO = INCLUDE_SOURCE;
				MTL_FAST_MATH = YES;
				ONLY_ACTIVE_ARCH = YES;
				SDKROOT = iphoneos;
				SWIFT_ACTIVE_COMPILATION_CONDITIONS = DEBUG;
				SWIFT_OPTIMIZATION_LEVEL = "-Onone";
			};
			name = Debug;
		};
		A3AE1838236AD33800EC6CD3 /* Release */ = {
			isa = XCBuildConfiguration;
			buildSettings = {
				ALWAYS_SEARCH_USER_PATHS = NO;
				CLANG_ANALYZER_NONNULL = YES;
				CLANG_ANALYZER_NUMBER_OBJECT_CONVERSION = YES_AGGRESSIVE;
				CLANG_CXX_LANGUAGE_STANDARD = "gnu++14";
				CLANG_CXX_LIBRARY = "libc++";
				CLANG_ENABLE_MODULES = YES;
				CLANG_ENABLE_OBJC_ARC = YES;
				CLANG_ENABLE_OBJC_WEAK = YES;
				CLANG_WARN_BLOCK_CAPTURE_AUTORELEASING = YES;
				CLANG_WARN_BOOL_CONVERSION = YES;
				CLANG_WARN_COMMA = YES;
				CLANG_WARN_CONSTANT_CONVERSION = YES;
				CLANG_WARN_DEPRECATED_OBJC_IMPLEMENTATIONS = YES;
				CLANG_WARN_DIRECT_OBJC_ISA_USAGE = YES_ERROR;
				CLANG_WARN_DOCUMENTATION_COMMENTS = YES;
				CLANG_WARN_EMPTY_BODY = YES;
				CLANG_WARN_ENUM_CONVERSION = YES;
				CLANG_WARN_INFINITE_RECURSION = YES;
				CLANG_WARN_INT_CONVERSION = YES;
				CLANG_WARN_NON_LITERAL_NULL_CONVERSION = YES;
				CLANG_WARN_OBJC_IMPLICIT_RETAIN_SELF = YES;
				CLANG_WARN_OBJC_LITERAL_CONVERSION = YES;
				CLANG_WARN_OBJC_ROOT_CLASS = YES_ERROR;
				CLANG_WARN_RANGE_LOOP_ANALYSIS = YES;
				CLANG_WARN_STRICT_PROTOTYPES = YES;
				CLANG_WARN_SUSPICIOUS_MOVE = YES;
				CLANG_WARN_UNGUARDED_AVAILABILITY = YES_AGGRESSIVE;
				CLANG_WARN_UNREACHABLE_CODE = YES;
				CLANG_WARN__DUPLICATE_METHOD_MATCH = YES;
				CODE_SIGN_IDENTITY = "iPhone Developer";
				COPY_PHASE_STRIP = NO;
				DEBUG_INFORMATION_FORMAT = "dwarf-with-dsym";
				ENABLE_NS_ASSERTIONS = NO;
				ENABLE_STRICT_OBJC_MSGSEND = YES;
				GCC_C_LANGUAGE_STANDARD = gnu11;
				GCC_NO_COMMON_BLOCKS = YES;
				GCC_WARN_64_TO_32_BIT_CONVERSION = YES;
				GCC_WARN_ABOUT_RETURN_TYPE = YES_ERROR;
				GCC_WARN_UNDECLARED_SELECTOR = YES;
				GCC_WARN_UNINITIALIZED_AUTOS = YES_AGGRESSIVE;
				GCC_WARN_UNUSED_FUNCTION = YES;
				GCC_WARN_UNUSED_VARIABLE = YES;
				IPHONEOS_DEPLOYMENT_TARGET = 12.2;
				MTL_ENABLE_DEBUG_INFO = NO;
				MTL_FAST_MATH = YES;
				SDKROOT = iphoneos;
				SWIFT_COMPILATION_MODE = wholemodule;
				SWIFT_OPTIMIZATION_LEVEL = "-O";
				VALIDATE_PRODUCT = YES;
			};
			name = Release;
		};
		A3AE183A236AD33800EC6CD3 /* Debug */ = {
			isa = XCBuildConfiguration;
			baseConfigurationReference = 174658818E4DB8C43A839677 /* Pods-LocationSend.debug.xcconfig */;
			buildSettings = {
				ASSETCATALOG_COMPILER_APPICON_NAME = AppIcon;
				CODE_SIGN_STYLE = Automatic;
				DEVELOPMENT_TEAM = HK26G555BW;
				INFOPLIST_FILE = LocationSend/Info.plist;
				LD_RUNPATH_SEARCH_PATHS = (
					"$(inherited)",
					"@executable_path/Frameworks",
				);
				PRODUCT_BUNDLE_IDENTIFIER = com.itdev.LocationSend;
				PRODUCT_NAME = "$(TARGET_NAME)";
				SWIFT_VERSION = 5.0;
				TARGETED_DEVICE_FAMILY = "1,2";
			};
			name = Debug;
		};
		A3AE183B236AD33800EC6CD3 /* Release */ = {
			isa = XCBuildConfiguration;
			baseConfigurationReference = 27284FEAB821AB8483C94C46 /* Pods-LocationSend.release.xcconfig */;
			buildSettings = {
				ASSETCATALOG_COMPILER_APPICON_NAME = AppIcon;
				CODE_SIGN_STYLE = Automatic;
				DEVELOPMENT_TEAM = HK26G555BW;
				INFOPLIST_FILE = LocationSend/Info.plist;
				LD_RUNPATH_SEARCH_PATHS = (
					"$(inherited)",
					"@executable_path/Frameworks",
				);
				PRODUCT_BUNDLE_IDENTIFIER = com.itdev.LocationSend;
				PRODUCT_NAME = "$(TARGET_NAME)";
				SWIFT_VERSION = 5.0;
				TARGETED_DEVICE_FAMILY = "1,2";
			};
			name = Release;
		};
		A3AE183D236AD33800EC6CD3 /* Debug */ = {
			isa = XCBuildConfiguration;
			buildSettings = {
				ALWAYS_EMBED_SWIFT_STANDARD_LIBRARIES = YES;
				BUNDLE_LOADER = "$(TEST_HOST)";
				CODE_SIGN_STYLE = Automatic;
				DEVELOPMENT_TEAM = HK26G555BW;
				INFOPLIST_FILE = LocationSendTests/Info.plist;
				LD_RUNPATH_SEARCH_PATHS = (
					"$(inherited)",
					"@executable_path/Frameworks",
					"@loader_path/Frameworks",
				);
				PRODUCT_BUNDLE_IDENTIFIER = com.itdev.LocationSendTests;
				PRODUCT_NAME = "$(TARGET_NAME)";
				SWIFT_VERSION = 5.0;
				TARGETED_DEVICE_FAMILY = "1,2";
				TEST_HOST = "$(BUILT_PRODUCTS_DIR)/LocationSend.app/LocationSend";
			};
			name = Debug;
		};
		A3AE183E236AD33800EC6CD3 /* Release */ = {
			isa = XCBuildConfiguration;
			buildSettings = {
				ALWAYS_EMBED_SWIFT_STANDARD_LIBRARIES = YES;
				BUNDLE_LOADER = "$(TEST_HOST)";
				CODE_SIGN_STYLE = Automatic;
				DEVELOPMENT_TEAM = HK26G555BW;
				INFOPLIST_FILE = LocationSendTests/Info.plist;
				LD_RUNPATH_SEARCH_PATHS = (
					"$(inherited)",
					"@executable_path/Frameworks",
					"@loader_path/Frameworks",
				);
				PRODUCT_BUNDLE_IDENTIFIER = com.itdev.LocationSendTests;
				PRODUCT_NAME = "$(TARGET_NAME)";
				SWIFT_VERSION = 5.0;
				TARGETED_DEVICE_FAMILY = "1,2";
				TEST_HOST = "$(BUILT_PRODUCTS_DIR)/LocationSend.app/LocationSend";
			};
			name = Release;
		};
		A3AE1840236AD33800EC6CD3 /* Debug */ = {
			isa = XCBuildConfiguration;
			buildSettings = {
				ALWAYS_EMBED_SWIFT_STANDARD_LIBRARIES = YES;
				CODE_SIGN_STYLE = Automatic;
				DEVELOPMENT_TEAM = HK26G555BW;
				INFOPLIST_FILE = LocationSendUITests/Info.plist;
				LD_RUNPATH_SEARCH_PATHS = (
					"$(inherited)",
					"@executable_path/Frameworks",
					"@loader_path/Frameworks",
				);
				PRODUCT_BUNDLE_IDENTIFIER = com.itdev.LocationSendUITests;
				PRODUCT_NAME = "$(TARGET_NAME)";
				SWIFT_VERSION = 5.0;
				TARGETED_DEVICE_FAMILY = "1,2";
				TEST_TARGET_NAME = LocationSend;
			};
			name = Debug;
		};
		A3AE1841236AD33800EC6CD3 /* Release */ = {
			isa = XCBuildConfiguration;
			buildSettings = {
				ALWAYS_EMBED_SWIFT_STANDARD_LIBRARIES = YES;
				CODE_SIGN_STYLE = Automatic;
				DEVELOPMENT_TEAM = HK26G555BW;
				INFOPLIST_FILE = LocationSendUITests/Info.plist;
				LD_RUNPATH_SEARCH_PATHS = (
					"$(inherited)",
					"@executable_path/Frameworks",
					"@loader_path/Frameworks",
				);
				PRODUCT_BUNDLE_IDENTIFIER = com.itdev.LocationSendUITests;
				PRODUCT_NAME = "$(TARGET_NAME)";
				SWIFT_VERSION = 5.0;
				TARGETED_DEVICE_FAMILY = "1,2";
				TEST_TARGET_NAME = LocationSend;
			};
			name = Release;
		};
/* End XCBuildConfiguration section */

/* Begin XCConfigurationList section */
		A3AE180C236AD32B00EC6CD3 /* Build configuration list for PBXProject "LocationSend" */ = {
			isa = XCConfigurationList;
			buildConfigurations = (
				A3AE1837236AD33800EC6CD3 /* Debug */,
				A3AE1838236AD33800EC6CD3 /* Release */,
			);
			defaultConfigurationIsVisible = 0;
			defaultConfigurationName = Release;
		};
		A3AE1839236AD33800EC6CD3 /* Build configuration list for PBXNativeTarget "LocationSend" */ = {
			isa = XCConfigurationList;
			buildConfigurations = (
				A3AE183A236AD33800EC6CD3 /* Debug */,
				A3AE183B236AD33800EC6CD3 /* Release */,
			);
			defaultConfigurationIsVisible = 0;
			defaultConfigurationName = Release;
		};
		A3AE183C236AD33800EC6CD3 /* Build configuration list for PBXNativeTarget "LocationSendTests" */ = {
			isa = XCConfigurationList;
			buildConfigurations = (
				A3AE183D236AD33800EC6CD3 /* Debug */,
				A3AE183E236AD33800EC6CD3 /* Release */,
			);
			defaultConfigurationIsVisible = 0;
			defaultConfigurationName = Release;
		};
		A3AE183F236AD33800EC6CD3 /* Build configuration list for PBXNativeTarget "LocationSendUITests" */ = {
			isa = XCConfigurationList;
			buildConfigurations = (
				A3AE1840236AD33800EC6CD3 /* Debug */,
				A3AE1841236AD33800EC6CD3 /* Release */,
			);
			defaultConfigurationIsVisible = 0;
			defaultConfigurationName = Release;
		};
/* End XCConfigurationList section */
	};
	rootObject = A3AE1809236AD32B00EC6CD3 /* Project object */;
}
